
Microsoft Visual Studio Solution File, Format Version 12.00
# Visual Studio Version 17
VisualStudioVersion = 17.1.32421.90
MinimumVisualStudioVersion = 10.0.40219.1
Project("{FAE04EC0-301F-11D3-BF4B-00C04F79EFBC}") = "App018", "App018\App018\App018.csproj", "{C44890C3-55EB-41A0-B829-66A1AA4024A6}"
EndProject
Project("{FAE04EC0-301F-11D3-BF4B-00C04F79EFBC}") = "App018.Android", "App018\App018.Android\App018.Android.csproj", "{1FC4471B-D949-42C7-AA75-3220870824D0}"
EndProject
Project("{FAE04EC0-301F-11D3-BF4B-00C04F79EFBC}") = "App018.iOS", "App018\App018.iOS\App018.iOS.csproj", "{BC297838-9F75-4DE3-9975-99FFDA102115}"
EndProject
Global
	GlobalSection(SolutionConfigurationPlatforms) = preSolution
		Ad-Hoc|Any CPU = Ad-Hoc|Any CPU
		Ad-Hoc|iPhone = Ad-Hoc|iPhone
		Ad-Hoc|iPhoneSimulator = Ad-Hoc|iPhoneSimulator
		AppStore|Any CPU = AppStore|Any CPU
		AppStore|iPhone = AppStore|iPhone
		AppStore|iPhoneSimulator = AppStore|iPhoneSimulator
		Debug|Any CPU = Debug|Any CPU
		Debug|iPhone = Debug|iPhone
		Debug|iPhoneSimulator = Debug|iPhoneSimulator
		Release|Any CPU = Release|Any CPU
		Release|iPhone = Release|iPhone
		Release|iPhoneSimulator = Release|iPhoneSimulator
	EndGlobalSection
	GlobalSection(ProjectConfigurationPlatforms) = postSolution
		{C44890C3-55EB-41A0-B829-66A1AA4024A6}.Ad-Hoc|Any CPU.ActiveCfg = Debug|Any CPU
		{C44890C3-55EB-41A0-B829-66A1AA4024A6}.Ad-Hoc|Any CPU.Build.0 = Debug|Any CPU
		{C44890C3-55EB-41A0-B829-66A1AA4024A6}.Ad-Hoc|iPhone.ActiveCfg = Debug|Any CPU
		{C44890C3-55EB-41A0-B829-66A1AA4024A6}.Ad-Hoc|iPhone.Build.0 = Debug|Any CPU
		{C44890C3-55EB-41A0-B829-66A1AA4024A6}.Ad-Hoc|iPhoneSimulator.ActiveCfg = Debug|Any CPU
		{C44890C3-55EB-41A0-B829-66A1AA4024A6}.Ad-Hoc|iPhoneSimulator.Build.0 = Debug|Any CPU
		{C44890C3-55EB-41A0-B829-66A1AA4024A6}.AppStore|Any CPU.ActiveCfg = Debug|Any CPU
		{C44890C3-55EB-41A0-B829-66A1AA4024A6}.AppStore|Any CPU.Build.0 = Debug|Any CPU
		{C44890C3-55EB-41A0-B829-66A1AA4024A6}.AppStore|iPhone.ActiveCfg = Debug|Any CPU
		{C44890C3-55EB-41A0-B829-66A1AA4024A6}.AppStore|iPhone.Build.0 = Debug|Any CPU
		{C44890C3-55EB-41A0-B829-66A1AA4024A6}.AppStore|iPhoneSimulator.ActiveCfg = Debug|Any CPU
		{C44890C3-55EB-41A0-B829-66A1AA4024A6}.AppStore|iPhoneSimulator.Build.0 = Debug|Any CPU
		{C44890C3-55EB-41A0-B829-66A1AA4024A6}.Debug|Any CPU.ActiveCfg = Debug|Any CPU
		{C44890C3-55EB-41A0-B829-66A1AA4024A6}.Debug|Any CPU.Build.0 = Debug|Any CPU
		{C44890C3-55EB-41A0-B829-66A1AA4024A6}.Debug|iPhone.ActiveCfg = Debug|Any CPU
		{C44890C3-55EB-41A0-B829-66A1AA4024A6}.Debug|iPhone.Build.0 = Debug|Any CPU
		{C44890C3-55EB-41A0-B829-66A1AA4024A6}.Debug|iPhoneSimulator.ActiveCfg = Debug|Any CPU
		{C44890C3-55EB-41A0-B829-66A1AA4024A6}.Debug|iPhoneSimulator.Build.0 = Debug|Any CPU
		{C44890C3-55EB-41A0-B829-66A1AA4024A6}.Release|Any CPU.ActiveCfg = Release|Any CPU
		{C44890C3-55EB-41A0-B829-66A1AA4024A6}.Release|Any CPU.Build.0 = Release|Any CPU
		{C44890C3-55EB-41A0-B829-66A1AA4024A6}.Release|iPhone.ActiveCfg = Release|Any CPU
		{C44890C3-55EB-41A0-B829-66A1AA4024A6}.Release|iPhone.Build.0 = Release|Any CPU
		{C44890C3-55EB-41A0-B829-66A1AA4024A6}.Release|iPhoneSimulator.ActiveCfg = Release|Any CPU
		{C44890C3-55EB-41A0-B829-66A1AA4024A6}.Release|iPhoneSimulator.Build.0 = Release|Any CPU
		{1FC4471B-D949-42C7-AA75-3220870824D0}.Ad-Hoc|Any CPU.ActiveCfg = Debug|Any CPU
		{1FC4471B-D949-42C7-AA75-3220870824D0}.Ad-Hoc|Any CPU.Build.0 = Debug|Any CPU
		{1FC4471B-D949-42C7-AA75-3220870824D0}.Ad-Hoc|Any CPU.Deploy.0 = Debug|Any CPU
		{1FC4471B-D949-42C7-AA75-3220870824D0}.Ad-Hoc|iPhone.ActiveCfg = Debug|Any CPU
		{1FC4471B-D949-42C7-AA75-3220870824D0}.Ad-Hoc|iPhone.Build.0 = Debug|Any CPU
		{1FC4471B-D949-42C7-AA75-3220870824D0}.Ad-Hoc|iPhone.Deploy.0 = Debug|Any CPU
		{1FC4471B-D949-42C7-AA75-3220870824D0}.Ad-Hoc|iPhoneSimulator.ActiveCfg = Debug|Any CPU
		{1FC4471B-D949-42C7-AA75-3220870824D0}.Ad-Hoc|iPhoneSimulator.Build.0 = Debug|Any CPU
		{1FC4471B-D949-42C7-AA75-3220870824D0}.Ad-Hoc|iPhoneSimulator.Deploy.0 = Debug|Any CPU
		{1FC4471B-D949-42C7-AA75-3220870824D0}.AppStore|Any CPU.ActiveCfg = Debug|Any CPU
		{1FC4471B-D949-42C7-AA75-3220870824D0}.AppStore|Any CPU.Build.0 = Debug|Any CPU
		{1FC4471B-D949-42C7-AA75-3220870824D0}.AppStore|Any CPU.Deploy.0 = Debug|Any CPU
		{1FC4471B-D949-42C7-AA75-3220870824D0}.AppStore|iPhone.ActiveCfg = Debug|Any CPU
		{1FC4471B-D949-42C7-AA75-3220870824D0}.AppStore|iPhone.Build.0 = Debug|Any CPU
		{1FC4471B-D949-42C7-AA75-3220870824D0}.AppStore|iPhone.Deploy.0 = Debug|Any CPU
		{1FC4471B-D949-42C7-AA75-3220870824D0}.AppStore|iPhoneSimulator.ActiveCfg = Debug|Any CPU
		{1FC4471B-D949-42C7-AA75-3220870824D0}.AppStore|iPhoneSimulator.Build.0 = Debug|Any CPU
		{1FC4471B-D949-42C7-AA75-3220870824D0}.AppStore|iPhoneSimulator.Deploy.0 = Debug|Any CPU
		{1FC4471B-D949-42C7-AA75-3220870824D0}.Debug|Any CPU.ActiveCfg = Debug|Any CPU
		{1FC4471B-D949-42C7-AA75-3220870824D0}.Debug|Any CPU.Build.0 = Debug|Any CPU
		{1FC4471B-D949-42C7-AA75-3220870824D0}.Debug|Any CPU.Deploy.0 = Debug|Any CPU
		{1FC4471B-D949-42C7-AA75-3220870824D0}.Debug|iPhone.ActiveCfg = Debug|Any CPU
		{1FC4471B-D949-42C7-AA75-3220870824D0}.Debug|iPhone.Build.0 = Debug|Any CPU
		{1FC4471B-D949-42C7-AA75-3220870824D0}.Debug|iPhone.Deploy.0 = Debug|Any CPU
		{1FC4471B-D949-42C7-AA75-3220870824D0}.Debug|iPhoneSimulator.ActiveCfg = Debug|Any CPU
		{1FC4471B-D949-42C7-AA75-3220870824D0}.Debug|iPhoneSimulator.Build.0 = Debug|Any CPU
		{1FC4471B-D949-42C7-AA75-3220870824D0}.Debug|iPhoneSimulator.Deploy.0 = Debug|Any CPU
		{1FC4471B-D949-42C7-AA75-3220870824D0}.Release|Any CPU.ActiveCfg = Release|Any CPU
		{1FC4471B-D949-42C7-AA75-3220870824D0}.Release|Any CPU.Build.0 = Release|Any CPU
		{1FC4471B-D949-42C7-AA75-3220870824D0}.Release|Any CPU.Deploy.0 = Release|Any CPU
		{1FC4471B-D949-42C7-AA75-3220870824D0}.Release|iPhone.ActiveCfg = Release|Any CPU
		{1FC4471B-D949-42C7-AA75-3220870824D0}.Release|iPhone.Build.0 = Release|Any CPU
		{1FC4471B-D949-42C7-AA75-3220870824D0}.Release|iPhone.Deploy.0 = Release|Any CPU
		{1FC4471B-D949-42C7-AA75-3220870824D0}.Release|iPhoneSimulator.ActiveCfg = Release|Any CPU
		{1FC4471B-D949-42C7-AA75-3220870824D0}.Release|iPhoneSimulator.Build.0 = Release|Any CPU
		{1FC4471B-D949-42C7-AA75-3220870824D0}.Release|iPhoneSimulator.Deploy.0 = Release|Any CPU
		{BC297838-9F75-4DE3-9975-99FFDA102115}.Ad-Hoc|Any CPU.ActiveCfg = Ad-Hoc|iPhoneSimulator
		{BC297838-9F75-4DE3-9975-99FFDA102115}.Ad-Hoc|Any CPU.Build.0 = Ad-Hoc|iPhoneSimulator
		{BC297838-9F75-4DE3-9975-99FFDA102115}.Ad-Hoc|iPhone.ActiveCfg = Ad-Hoc|iPhone
		{BC297838-9F75-4DE3-9975-99FFDA102115}.Ad-Hoc|iPhone.Build.0 = Ad-Hoc|iPhone
		{BC297838-9F75-4DE3-9975-99FFDA102115}.Ad-Hoc|iPhoneSimulator.ActiveCfg = Ad-Hoc|iPhoneSimulator
		{BC297838-9F75-4DE3-9975-99FFDA102115}.Ad-Hoc|iPhoneSimulator.Build.0 = Ad-Hoc|iPhoneSimulator
		{BC297838-9F75-4DE3-9975-99FFDA102115}.AppStore|Any CPU.ActiveCfg = AppStore|iPhoneSimulator
		{BC297838-9F75-4DE3-9975-99FFDA102115}.AppStore|Any CPU.Build.0 = AppStore|iPhoneSimulator
		{BC297838-9F75-4DE3-9975-99FFDA102115}.AppStore|iPhone.ActiveCfg = AppStore|iPhone
		{BC297838-9F75-4DE3-9975-99FFDA102115}.AppStore|iPhone.Build.0 = AppStore|iPhone
		{BC297838-9F75-4DE3-9975-99FFDA102115}.AppStore|iPhoneSimulator.ActiveCfg = AppStore|iPhoneSimulator
		{BC297838-9F75-4DE3-9975-99FFDA102115}.AppStore|iPhoneSimulator.Build.0 = AppStore|iPhoneSimulator
		{BC297838-9F75-4DE3-9975-99FFDA102115}.Debug|Any CPU.ActiveCfg = Debug|iPhoneSimulator
		{BC297838-9F75-4DE3-9975-99FFDA102115}.Debug|Any CPU.Build.0 = Debug|iPhoneSimulator
		{BC297838-9F75-4DE3-9975-99FFDA102115}.Debug|iPhone.ActiveCfg = Debug|iPhone
		{BC297838-9F75-4DE3-9975-99FFDA102115}.Debug|iPhone.Build.0 = Debug|iPhone
		{BC297838-9F75-4DE3-9975-99FFDA102115}.Debug|iPhoneSimulator.ActiveCfg = Debug|iPhoneSimulator
		{BC297838-9F75-4DE3-9975-99FFDA102115}.Debug|iPhoneSimulator.Build.0 = Debug|iPhoneSimulator
		{BC297838-9F75-4DE3-9975-99FFDA102115}.Release|Any CPU.ActiveCfg = Release|iPhoneSimulator
		{BC297838-9F75-4DE3-9975-99FFDA102115}.Release|Any CPU.Build.0 = Release|iPhoneSimulator
		{BC297838-9F75-4DE3-9975-99FFDA102115}.Release|iPhone.ActiveCfg = Release|iPhone
		{BC297838-9F75-4DE3-9975-99FFDA102115}.Release|iPhone.Build.0 = Release|iPhone
		{BC297838-9F75-4DE3-9975-99FFDA102115}.Release|iPhoneSimulator.ActiveCfg = Release|iPhoneSimulator
		{BC297838-9F75-4DE3-9975-99FFDA102115}.Release|iPhoneSimulator.Build.0 = Release|iPhoneSimulator
	EndGlobalSection
	GlobalSection(SolutionProperties) = preSolution
		HideSolutionNode = FALSE
	EndGlobalSection
	GlobalSection(ExtensibilityGlobals) = postSolution
		SolutionGuid = {2E610FAA-061E-4610-BCB2-FEF5819EB9D1}
	EndGlobalSection
EndGlobal
