
Microsoft Visual Studio Solution File, Format Version 12.00
# Visual Studio Version 17
VisualStudioVersion = 17.1.32421.90
MinimumVisualStudioVersion = 10.0.40219.1
Project("{FAE04EC0-301F-11D3-BF4B-00C04F79EFBC}") = "App06.Android", "App06\App06.Android\App06.Android.csproj", "{BD2B2BC9-0FD5-4747-9163-17C19F22F8A9}"
EndProject
Project("{FAE04EC0-301F-11D3-BF4B-00C04F79EFBC}") = "App06.iOS", "App06\App06.iOS\App06.iOS.csproj", "{CED6B98A-0B7D-4A93-B7B2-C44C637A7009}"
EndProject
Project("{FAE04EC0-301F-11D3-BF4B-00C04F79EFBC}") = "App06", "App06\App06\App06.csproj", "{8504023D-4983-4413-8E21-2E575A700EBA}"
EndProject
Global
	GlobalSection(SolutionConfigurationPlatforms) = preSolution
		Debug|Any CPU = Debug|Any CPU
		Debug|iPhone = Debug|iPhone
		Debug|iPhoneSimulator = Debug|iPhoneSimulator
		Release|Any CPU = Release|Any CPU
		Release|iPhone = Release|iPhone
		Release|iPhoneSimulator = Release|iPhoneSimulator
	EndGlobalSection
	GlobalSection(ProjectConfigurationPlatforms) = postSolution
		{BD2B2BC9-0FD5-4747-9163-17C19F22F8A9}.Debug|Any CPU.ActiveCfg = Debug|Any CPU
		{BD2B2BC9-0FD5-4747-9163-17C19F22F8A9}.Debug|Any CPU.Build.0 = Debug|Any CPU
		{BD2B2BC9-0FD5-4747-9163-17C19F22F8A9}.Debug|Any CPU.Deploy.0 = Debug|Any CPU
		{BD2B2BC9-0FD5-4747-9163-17C19F22F8A9}.Debug|iPhone.ActiveCfg = Debug|Any CPU
		{BD2B2BC9-0FD5-4747-9163-17C19F22F8A9}.Debug|iPhone.Build.0 = Debug|Any CPU
		{BD2B2BC9-0FD5-4747-9163-17C19F22F8A9}.Debug|iPhone.Deploy.0 = Debug|Any CPU
		{BD2B2BC9-0FD5-4747-9163-17C19F22F8A9}.Debug|iPhoneSimulator.ActiveCfg = Debug|Any CPU
		{BD2B2BC9-0FD5-4747-9163-17C19F22F8A9}.Debug|iPhoneSimulator.Build.0 = Debug|Any CPU
		{BD2B2BC9-0FD5-4747-9163-17C19F22F8A9}.Debug|iPhoneSimulator.Deploy.0 = Debug|Any CPU
		{BD2B2BC9-0FD5-4747-9163-17C19F22F8A9}.Release|Any CPU.ActiveCfg = Release|Any CPU
		{BD2B2BC9-0FD5-4747-9163-17C19F22F8A9}.Release|Any CPU.Build.0 = Release|Any CPU
		{BD2B2BC9-0FD5-4747-9163-17C19F22F8A9}.Release|Any CPU.Deploy.0 = Release|Any CPU
		{BD2B2BC9-0FD5-4747-9163-17C19F22F8A9}.Release|iPhone.ActiveCfg = Release|Any CPU
		{BD2B2BC9-0FD5-4747-9163-17C19F22F8A9}.Release|iPhone.Build.0 = Release|Any CPU
		{BD2B2BC9-0FD5-4747-9163-17C19F22F8A9}.Release|iPhone.Deploy.0 = Release|Any CPU
		{BD2B2BC9-0FD5-4747-9163-17C19F22F8A9}.Release|iPhoneSimulator.ActiveCfg = Release|Any CPU
		{BD2B2BC9-0FD5-4747-9163-17C19F22F8A9}.Release|iPhoneSimulator.Build.0 = Release|Any CPU
		{BD2B2BC9-0FD5-4747-9163-17C19F22F8A9}.Release|iPhoneSimulator.Deploy.0 = Release|Any CPU
		{CED6B98A-0B7D-4A93-B7B2-C44C637A7009}.Debug|Any CPU.ActiveCfg = Debug|iPhone
		{CED6B98A-0B7D-4A93-B7B2-C44C637A7009}.Debug|Any CPU.Build.0 = Debug|iPhone
		{CED6B98A-0B7D-4A93-B7B2-C44C637A7009}.Debug|Any CPU.Deploy.0 = Debug|iPhone
		{CED6B98A-0B7D-4A93-B7B2-C44C637A7009}.Debug|iPhone.ActiveCfg = Debug|iPhone
		{CED6B98A-0B7D-4A93-B7B2-C44C637A7009}.Debug|iPhone.Build.0 = Debug|iPhone
		{CED6B98A-0B7D-4A93-B7B2-C44C637A7009}.Debug|iPhone.Deploy.0 = Debug|iPhone
		{CED6B98A-0B7D-4A93-B7B2-C44C637A7009}.Debug|iPhoneSimulator.ActiveCfg = Debug|iPhoneSimulator
		{CED6B98A-0B7D-4A93-B7B2-C44C637A7009}.Debug|iPhoneSimulator.Build.0 = Debug|iPhoneSimulator
		{CED6B98A-0B7D-4A93-B7B2-C44C637A7009}.Debug|iPhoneSimulator.Deploy.0 = Debug|iPhoneSimulator
		{CED6B98A-0B7D-4A93-B7B2-C44C637A7009}.Release|Any CPU.ActiveCfg = Release|iPhoneSimulator
		{CED6B98A-0B7D-4A93-B7B2-C44C637A7009}.Release|Any CPU.Build.0 = Release|iPhoneSimulator
		{CED6B98A-0B7D-4A93-B7B2-C44C637A7009}.Release|Any CPU.Deploy.0 = Release|iPhoneSimulator
		{CED6B98A-0B7D-4A93-B7B2-C44C637A7009}.Release|iPhone.ActiveCfg = Release|iPhone
		{CED6B98A-0B7D-4A93-B7B2-C44C637A7009}.Release|iPhone.Build.0 = Release|iPhone
		{CED6B98A-0B7D-4A93-B7B2-C44C637A7009}.Release|iPhone.Deploy.0 = Release|iPhone
		{CED6B98A-0B7D-4A93-B7B2-C44C637A7009}.Release|iPhoneSimulator.ActiveCfg = Release|iPhoneSimulator
		{CED6B98A-0B7D-4A93-B7B2-C44C637A7009}.Release|iPhoneSimulator.Build.0 = Release|iPhoneSimulator
		{CED6B98A-0B7D-4A93-B7B2-C44C637A7009}.Release|iPhoneSimulator.Deploy.0 = Release|iPhoneSimulator
		{8504023D-4983-4413-8E21-2E575A700EBA}.Debug|Any CPU.ActiveCfg = Debug|Any CPU
		{8504023D-4983-4413-8E21-2E575A700EBA}.Debug|Any CPU.Build.0 = Debug|Any CPU
		{8504023D-4983-4413-8E21-2E575A700EBA}.Debug|Any CPU.Deploy.0 = Debug|Any CPU
		{8504023D-4983-4413-8E21-2E575A700EBA}.Debug|iPhone.ActiveCfg = Debug|Any CPU
		{8504023D-4983-4413-8E21-2E575A700EBA}.Debug|iPhone.Build.0 = Debug|Any CPU
		{8504023D-4983-4413-8E21-2E575A700EBA}.Debug|iPhone.Deploy.0 = Debug|Any CPU
		{8504023D-4983-4413-8E21-2E575A700EBA}.Debug|iPhoneSimulator.ActiveCfg = Debug|Any CPU
		{8504023D-4983-4413-8E21-2E575A700EBA}.Debug|iPhoneSimulator.Build.0 = Debug|Any CPU
		{8504023D-4983-4413-8E21-2E575A700EBA}.Debug|iPhoneSimulator.Deploy.0 = Debug|Any CPU
		{8504023D-4983-4413-8E21-2E575A700EBA}.Release|Any CPU.ActiveCfg = Release|Any CPU
		{8504023D-4983-4413-8E21-2E575A700EBA}.Release|Any CPU.Build.0 = Release|Any CPU
		{8504023D-4983-4413-8E21-2E575A700EBA}.Release|Any CPU.Deploy.0 = Release|Any CPU
		{8504023D-4983-4413-8E21-2E575A700EBA}.Release|iPhone.ActiveCfg = Release|Any CPU
		{8504023D-4983-4413-8E21-2E575A700EBA}.Release|iPhone.Build.0 = Release|Any CPU
		{8504023D-4983-4413-8E21-2E575A700EBA}.Release|iPhone.Deploy.0 = Release|Any CPU
		{8504023D-4983-4413-8E21-2E575A700EBA}.Release|iPhoneSimulator.ActiveCfg = Release|Any CPU
		{8504023D-4983-4413-8E21-2E575A700EBA}.Release|iPhoneSimulator.Build.0 = Release|Any CPU
		{8504023D-4983-4413-8E21-2E575A700EBA}.Release|iPhoneSimulator.Deploy.0 = Release|Any CPU
	EndGlobalSection
	GlobalSection(SolutionProperties) = preSolution
		HideSolutionNode = FALSE
	EndGlobalSection
	GlobalSection(ExtensibilityGlobals) = postSolution
		SolutionGuid = {A04B04F9-6850-40B3-BCE5-B10E5CD7E77C}
	EndGlobalSection
EndGlobal
