
Microsoft Visual Studio Solution File, Format Version 12.00
# Visual Studio Version 17
VisualStudioVersion = 17.1.32421.90
MinimumVisualStudioVersion = 10.0.40219.1
Project("{FAE04EC0-301F-11D3-BF4B-00C04F79EFBC}") = "App013.Android", "App013\App013.Android\App013.Android.csproj", "{CDAC3B9F-442B-4711-A680-ECACCAC2CD83}"
EndProject
Project("{FAE04EC0-301F-11D3-BF4B-00C04F79EFBC}") = "App013.iOS", "App013\App013.iOS\App013.iOS.csproj", "{B5625A4E-C759-4FEB-8D9B-0AE8C4335C3F}"
EndProject
Project("{FAE04EC0-301F-11D3-BF4B-00C04F79EFBC}") = "App013", "App013\App013\App013.csproj", "{15C7562E-CA3B-4643-A3FE-37DC8B266F1A}"
EndProject
Global
	GlobalSection(SolutionConfigurationPlatforms) = preSolution
		Debug|Any CPU = Debug|Any CPU
		Debug|iPhone = Debug|iPhone
		Debug|iPhoneSimulator = Debug|iPhoneSimulator
		Release|Any CPU = Release|Any CPU
		Release|iPhone = Release|iPhone
		Release|iPhoneSimulator = Release|iPhoneSimulator
	EndGlobalSection
	GlobalSection(ProjectConfigurationPlatforms) = postSolution
		{CDAC3B9F-442B-4711-A680-ECACCAC2CD83}.Debug|Any CPU.ActiveCfg = Debug|Any CPU
		{CDAC3B9F-442B-4711-A680-ECACCAC2CD83}.Debug|Any CPU.Build.0 = Debug|Any CPU
		{CDAC3B9F-442B-4711-A680-ECACCAC2CD83}.Debug|Any CPU.Deploy.0 = Debug|Any CPU
		{CDAC3B9F-442B-4711-A680-ECACCAC2CD83}.Debug|iPhone.ActiveCfg = Debug|Any CPU
		{CDAC3B9F-442B-4711-A680-ECACCAC2CD83}.Debug|iPhone.Build.0 = Debug|Any CPU
		{CDAC3B9F-442B-4711-A680-ECACCAC2CD83}.Debug|iPhone.Deploy.0 = Debug|Any CPU
		{CDAC3B9F-442B-4711-A680-ECACCAC2CD83}.Debug|iPhoneSimulator.ActiveCfg = Debug|Any CPU
		{CDAC3B9F-442B-4711-A680-ECACCAC2CD83}.Debug|iPhoneSimulator.Build.0 = Debug|Any CPU
		{CDAC3B9F-442B-4711-A680-ECACCAC2CD83}.Debug|iPhoneSimulator.Deploy.0 = Debug|Any CPU
		{CDAC3B9F-442B-4711-A680-ECACCAC2CD83}.Release|Any CPU.ActiveCfg = Release|Any CPU
		{CDAC3B9F-442B-4711-A680-ECACCAC2CD83}.Release|Any CPU.Build.0 = Release|Any CPU
		{CDAC3B9F-442B-4711-A680-ECACCAC2CD83}.Release|Any CPU.Deploy.0 = Release|Any CPU
		{CDAC3B9F-442B-4711-A680-ECACCAC2CD83}.Release|iPhone.ActiveCfg = Release|Any CPU
		{CDAC3B9F-442B-4711-A680-ECACCAC2CD83}.Release|iPhone.Build.0 = Release|Any CPU
		{CDAC3B9F-442B-4711-A680-ECACCAC2CD83}.Release|iPhone.Deploy.0 = Release|Any CPU
		{CDAC3B9F-442B-4711-A680-ECACCAC2CD83}.Release|iPhoneSimulator.ActiveCfg = Release|Any CPU
		{CDAC3B9F-442B-4711-A680-ECACCAC2CD83}.Release|iPhoneSimulator.Build.0 = Release|Any CPU
		{CDAC3B9F-442B-4711-A680-ECACCAC2CD83}.Release|iPhoneSimulator.Deploy.0 = Release|Any CPU
		{B5625A4E-C759-4FEB-8D9B-0AE8C4335C3F}.Debug|Any CPU.ActiveCfg = Debug|iPhone
		{B5625A4E-C759-4FEB-8D9B-0AE8C4335C3F}.Debug|Any CPU.Build.0 = Debug|iPhone
		{B5625A4E-C759-4FEB-8D9B-0AE8C4335C3F}.Debug|Any CPU.Deploy.0 = Debug|iPhone
		{B5625A4E-C759-4FEB-8D9B-0AE8C4335C3F}.Debug|iPhone.ActiveCfg = Debug|iPhone
		{B5625A4E-C759-4FEB-8D9B-0AE8C4335C3F}.Debug|iPhone.Build.0 = Debug|iPhone
		{B5625A4E-C759-4FEB-8D9B-0AE8C4335C3F}.Debug|iPhone.Deploy.0 = Debug|iPhone
		{B5625A4E-C759-4FEB-8D9B-0AE8C4335C3F}.Debug|iPhoneSimulator.ActiveCfg = Debug|iPhoneSimulator
		{B5625A4E-C759-4FEB-8D9B-0AE8C4335C3F}.Debug|iPhoneSimulator.Build.0 = Debug|iPhoneSimulator
		{B5625A4E-C759-4FEB-8D9B-0AE8C4335C3F}.Debug|iPhoneSimulator.Deploy.0 = Debug|iPhoneSimulator
		{B5625A4E-C759-4FEB-8D9B-0AE8C4335C3F}.Release|Any CPU.ActiveCfg = Release|iPhoneSimulator
		{B5625A4E-C759-4FEB-8D9B-0AE8C4335C3F}.Release|Any CPU.Build.0 = Release|iPhoneSimulator
		{B5625A4E-C759-4FEB-8D9B-0AE8C4335C3F}.Release|Any CPU.Deploy.0 = Release|iPhoneSimulator
		{B5625A4E-C759-4FEB-8D9B-0AE8C4335C3F}.Release|iPhone.ActiveCfg = Release|iPhone
		{B5625A4E-C759-4FEB-8D9B-0AE8C4335C3F}.Release|iPhone.Build.0 = Release|iPhone
		{B5625A4E-C759-4FEB-8D9B-0AE8C4335C3F}.Release|iPhone.Deploy.0 = Release|iPhone
		{B5625A4E-C759-4FEB-8D9B-0AE8C4335C3F}.Release|iPhoneSimulator.ActiveCfg = Release|iPhoneSimulator
		{B5625A4E-C759-4FEB-8D9B-0AE8C4335C3F}.Release|iPhoneSimulator.Build.0 = Release|iPhoneSimulator
		{B5625A4E-C759-4FEB-8D9B-0AE8C4335C3F}.Release|iPhoneSimulator.Deploy.0 = Release|iPhoneSimulator
		{15C7562E-CA3B-4643-A3FE-37DC8B266F1A}.Debug|Any CPU.ActiveCfg = Debug|Any CPU
		{15C7562E-CA3B-4643-A3FE-37DC8B266F1A}.Debug|Any CPU.Build.0 = Debug|Any CPU
		{15C7562E-CA3B-4643-A3FE-37DC8B266F1A}.Debug|Any CPU.Deploy.0 = Debug|Any CPU
		{15C7562E-CA3B-4643-A3FE-37DC8B266F1A}.Debug|iPhone.ActiveCfg = Debug|Any CPU
		{15C7562E-CA3B-4643-A3FE-37DC8B266F1A}.Debug|iPhone.Build.0 = Debug|Any CPU
		{15C7562E-CA3B-4643-A3FE-37DC8B266F1A}.Debug|iPhone.Deploy.0 = Debug|Any CPU
		{15C7562E-CA3B-4643-A3FE-37DC8B266F1A}.Debug|iPhoneSimulator.ActiveCfg = Debug|Any CPU
		{15C7562E-CA3B-4643-A3FE-37DC8B266F1A}.Debug|iPhoneSimulator.Build.0 = Debug|Any CPU
		{15C7562E-CA3B-4643-A3FE-37DC8B266F1A}.Debug|iPhoneSimulator.Deploy.0 = Debug|Any CPU
		{15C7562E-CA3B-4643-A3FE-37DC8B266F1A}.Release|Any CPU.ActiveCfg = Release|Any CPU
		{15C7562E-CA3B-4643-A3FE-37DC8B266F1A}.Release|Any CPU.Build.0 = Release|Any CPU
		{15C7562E-CA3B-4643-A3FE-37DC8B266F1A}.Release|Any CPU.Deploy.0 = Release|Any CPU
		{15C7562E-CA3B-4643-A3FE-37DC8B266F1A}.Release|iPhone.ActiveCfg = Release|Any CPU
		{15C7562E-CA3B-4643-A3FE-37DC8B266F1A}.Release|iPhone.Build.0 = Release|Any CPU
		{15C7562E-CA3B-4643-A3FE-37DC8B266F1A}.Release|iPhone.Deploy.0 = Release|Any CPU
		{15C7562E-CA3B-4643-A3FE-37DC8B266F1A}.Release|iPhoneSimulator.ActiveCfg = Release|Any CPU
		{15C7562E-CA3B-4643-A3FE-37DC8B266F1A}.Release|iPhoneSimulator.Build.0 = Release|Any CPU
		{15C7562E-CA3B-4643-A3FE-37DC8B266F1A}.Release|iPhoneSimulator.Deploy.0 = Release|Any CPU
	EndGlobalSection
	GlobalSection(SolutionProperties) = preSolution
		HideSolutionNode = FALSE
	EndGlobalSection
	GlobalSection(ExtensibilityGlobals) = postSolution
		SolutionGuid = {2FC88A02-7641-4580-9AB3-9613C208660E}
	EndGlobalSection
EndGlobal
